{
  "version": 4,
  "terraform_version": "0.12.26",
  "serial": 100,
  "lineage": "06a7af97-fbd7-843f-784c-7e64f36fb3cb",
  "outputs": {},
  "resources": [
    {
      "mode": "managed",
      "type": "azurerm_linux_virtual_machine",
      "name": "ansible_node",
      "each": "list",
      "provider": "provider.azurerm",
      "instances": [
        {
          "index_key": 0,
          "schema_version": 0,
          "attributes": {
            "additional_capabilities": [],
            "admin_password": "iamStan4life",
            "admin_ssh_key": [
              {
                "public_key": "ssh-rsa AAAAB3NzaC1yc2EAAAADAQABAAACAQCy/7e4tayAXLSBts0ALZpggsHzUDo78fW5+UnqJjp+Pc2wCQaEaUtbJ6J+uyGJrOM44aOamSI6STcJVvnDcBYFIc8+A4xZYd3XOmnNHS2G3CJFjURFzCU6eNlJoRcb8uSEIDx7xpKj4CxgEe2TpAWiZ0xu6aTc0mXOBr7Y7YofxDg1vTFaPcXPIBptOtTbXn19faZCArxM481DpEZfO9+PrZqb7pnkbFtxN7JZDy6RsdbBxWA91cbGseKoYXevbz1/dKnWz0HWZSwS/bfVGNrAQAuIe5ZHmRmXRKuD0xT/dHy/fcl/7uxk1wU5spyLegnb3+HoBuEntTsKjs/I/ekfaN3JJ/9XcSuXLaj2FnC+vOIS6+zpC3H0uKrAvVx5tYerkufM1bJfqeluXV783Fv/JPyWYdLg/olmOPKE8+bfom2/5WjQswhYHkmRVHzxQPJDCGhV20CZJfeuVBqn8z8iuffi/sB4hl8Aww86/xDxfglsfwTPDsqN+/gH9Th8FmXNA9IxjZxxcbzWJTJimpwYV/3bFijLT7gF0bctBSqytip4NtAEYA6nwrg/8YiGjZ+Y6VfK0HTswEZifnWwyDBAlL44Ez9ttslwQY9z78/yeQhjjVGAJu5o2NiriFk+XEulylOa6ihNQxA6rAd0JXiloL7mAYwQvFhQH+EA+x8M0w== prateek@prateek-HP-Notebook\n",
                "username": "ansible-node-00"
              }
            ],
            "admin_username": "ansible-node-00",
            "allow_extension_operations": true,
            "availability_set_id": "",
            "boot_diagnostics": [],
            "computer_name": "ubuntuVM",
            "custom_data": null,
            "dedicated_host_id": "",
            "disable_password_authentication": true,
            "eviction_policy": "",
            "id": "/subscriptions/8daa45fb-249f-4801-b4df-419b890ead67/resourceGroups/web-rg/providers/Microsoft.Compute/virtualMachines/web-00",
            "identity": [],
            "location": "westus2",
            "max_bid_price": -1,
            "name": "web-00",
            "network_interface_ids": [
              "/subscriptions/8daa45fb-249f-4801-b4df-419b890ead67/resourceGroups/web-rg/providers/Microsoft.Network/networkInterfaces/web-server-00-nic"
            ],
            "os_disk": [
              {
                "caching": "ReadWrite",
                "diff_disk_settings": [],
                "disk_encryption_set_id": "",
                "disk_size_gb": 30,
                "name": "web-00_disk1_1e883283cde04d0a8fbd3c14f8d65230",
                "storage_account_type": "Standard_LRS",
                "write_accelerator_enabled": false
              }
            ],
            "plan": [],
            "priority": "Regular",
            "private_ip_address": "1.0.1.6",
            "private_ip_addresses": [
              "1.0.1.6"
            ],
            "provision_vm_agent": true,
            "proximity_placement_group_id": "",
            "public_ip_address": "51.141.174.63",
            "public_ip_addresses": [
              "51.141.174.63"
            ],
            "resource_group_name": "web-rg",
            "secret": [],
            "size": "Standard_B1s",
            "source_image_id": "",
            "source_image_reference": [
              {
                "offer": "UbuntuServer",
                "publisher": "Canonical",
                "sku": "18.04-LTS",
                "version": "latest"
              }
            ],
            "tags": null,
            "timeouts": null,
            "virtual_machine_id": "7cd0af4b-f329-4463-9c1d-7ff71c5d0401",
            "zone": ""
          },
          "private": "eyJlMmJmYjczMC1lY2FhLTExZTYtOGY4OC0zNDM2M2JjN2M0YzAiOnsiY3JlYXRlIjoyNzAwMDAwMDAwMDAwLCJkZWxldGUiOjI3MDAwMDAwMDAwMDAsInJlYWQiOjMwMDAwMDAwMDAwMCwidXBkYXRlIjoyNzAwMDAwMDAwMDAwfX0=",
          "dependencies": [
            "azurerm_network_interface.web_server_nic",
            "azurerm_public_ip.web_server_public_ip",
            "azurerm_resource_group.web_server_rg",
            "azurerm_subnet.web_server_subnet",
            "azurerm_virtual_network.web_server_vnet"
          ]
        },
        {
          "index_key": 1,
          "schema_version": 0,
          "attributes": {
            "additional_capabilities": [],
            "admin_password": "iamStan4life",
            "admin_ssh_key": [
              {
                "public_key": "ssh-rsa AAAAB3NzaC1yc2EAAAADAQABAAACAQCy/7e4tayAXLSBts0ALZpggsHzUDo78fW5+UnqJjp+Pc2wCQaEaUtbJ6J+uyGJrOM44aOamSI6STcJVvnDcBYFIc8+A4xZYd3XOmnNHS2G3CJFjURFzCU6eNlJoRcb8uSEIDx7xpKj4CxgEe2TpAWiZ0xu6aTc0mXOBr7Y7YofxDg1vTFaPcXPIBptOtTbXn19faZCArxM481DpEZfO9+PrZqb7pnkbFtxN7JZDy6RsdbBxWA91cbGseKoYXevbz1/dKnWz0HWZSwS/bfVGNrAQAuIe5ZHmRmXRKuD0xT/dHy/fcl/7uxk1wU5spyLegnb3+HoBuEntTsKjs/I/ekfaN3JJ/9XcSuXLaj2FnC+vOIS6+zpC3H0uKrAvVx5tYerkufM1bJfqeluXV783Fv/JPyWYdLg/olmOPKE8+bfom2/5WjQswhYHkmRVHzxQPJDCGhV20CZJfeuVBqn8z8iuffi/sB4hl8Aww86/xDxfglsfwTPDsqN+/gH9Th8FmXNA9IxjZxxcbzWJTJimpwYV/3bFijLT7gF0bctBSqytip4NtAEYA6nwrg/8YiGjZ+Y6VfK0HTswEZifnWwyDBAlL44Ez9ttslwQY9z78/yeQhjjVGAJu5o2NiriFk+XEulylOa6ihNQxA6rAd0JXiloL7mAYwQvFhQH+EA+x8M0w== prateek@prateek-HP-Notebook\n",
                "username": "ansible-node-01"
              }
            ],
            "admin_username": "ansible-node-01",
            "allow_extension_operations": true,
            "availability_set_id": "",
            "boot_diagnostics": [],
            "computer_name": "ubuntuVM",
            "custom_data": null,
            "dedicated_host_id": "",
            "disable_password_authentication": true,
            "eviction_policy": "",
            "id": "/subscriptions/8daa45fb-249f-4801-b4df-419b890ead67/resourceGroups/web-rg/providers/Microsoft.Compute/virtualMachines/web-01",
            "identity": [],
            "location": "westus2",
            "max_bid_price": -1,
            "name": "web-01",
            "network_interface_ids": [
              "/subscriptions/8daa45fb-249f-4801-b4df-419b890ead67/resourceGroups/web-rg/providers/Microsoft.Network/networkInterfaces/web-server-01-nic"
            ],
            "os_disk": [
              {
                "caching": "ReadWrite",
                "diff_disk_settings": [],
                "disk_encryption_set_id": "",
                "disk_size_gb": 30,
                "name": "web-01_OsDisk_1_755195df5f69443b87718fbe4df53e37",
                "storage_account_type": "Standard_LRS",
                "write_accelerator_enabled": false
              }
            ],
            "plan": [],
            "priority": "Regular",
            "private_ip_address": "1.0.1.5",
            "private_ip_addresses": [
              "1.0.1.5"
            ],
            "provision_vm_agent": true,
            "proximity_placement_group_id": "",
            "public_ip_address": "51.143.39.157",
            "public_ip_addresses": [
              "51.143.39.157"
            ],
            "resource_group_name": "web-rg",
            "secret": [],
            "size": "Standard_B1s",
            "source_image_id": "",
            "source_image_reference": [
              {
                "offer": "UbuntuServer",
                "publisher": "Canonical",
                "sku": "18.04-LTS",
                "version": "latest"
              }
            ],
            "tags": null,
            "timeouts": null,
            "virtual_machine_id": "0160feed-f0b2-44ab-8741-aef10e61db13",
            "zone": ""
          },
          "private": "eyJlMmJmYjczMC1lY2FhLTExZTYtOGY4OC0zNDM2M2JjN2M0YzAiOnsiY3JlYXRlIjoyNzAwMDAwMDAwMDAwLCJkZWxldGUiOjI3MDAwMDAwMDAwMDAsInJlYWQiOjMwMDAwMDAwMDAwMCwidXBkYXRlIjoyNzAwMDAwMDAwMDAwfX0=",
          "dependencies": [
            "azurerm_network_interface.web_server_nic",
            "azurerm_public_ip.web_server_public_ip",
            "azurerm_resource_group.web_server_rg",
            "azurerm_subnet.web_server_subnet",
            "azurerm_virtual_network.web_server_vnet"
          ]
        },
        {
          "index_key": 2,
          "schema_version": 0,
          "attributes": {
            "additional_capabilities": [],
            "admin_password": "iamStan4life",
            "admin_ssh_key": [
              {
                "public_key": "ssh-rsa AAAAB3NzaC1yc2EAAAADAQABAAACAQCy/7e4tayAXLSBts0ALZpggsHzUDo78fW5+UnqJjp+Pc2wCQaEaUtbJ6J+uyGJrOM44aOamSI6STcJVvnDcBYFIc8+A4xZYd3XOmnNHS2G3CJFjURFzCU6eNlJoRcb8uSEIDx7xpKj4CxgEe2TpAWiZ0xu6aTc0mXOBr7Y7YofxDg1vTFaPcXPIBptOtTbXn19faZCArxM481DpEZfO9+PrZqb7pnkbFtxN7JZDy6RsdbBxWA91cbGseKoYXevbz1/dKnWz0HWZSwS/bfVGNrAQAuIe5ZHmRmXRKuD0xT/dHy/fcl/7uxk1wU5spyLegnb3+HoBuEntTsKjs/I/ekfaN3JJ/9XcSuXLaj2FnC+vOIS6+zpC3H0uKrAvVx5tYerkufM1bJfqeluXV783Fv/JPyWYdLg/olmOPKE8+bfom2/5WjQswhYHkmRVHzxQPJDCGhV20CZJfeuVBqn8z8iuffi/sB4hl8Aww86/xDxfglsfwTPDsqN+/gH9Th8FmXNA9IxjZxxcbzWJTJimpwYV/3bFijLT7gF0bctBSqytip4NtAEYA6nwrg/8YiGjZ+Y6VfK0HTswEZifnWwyDBAlL44Ez9ttslwQY9z78/yeQhjjVGAJu5o2NiriFk+XEulylOa6ihNQxA6rAd0JXiloL7mAYwQvFhQH+EA+x8M0w== prateek@prateek-HP-Notebook\n",
                "username": "ansible-node-02"
              }
            ],
            "admin_username": "ansible-node-02",
            "allow_extension_operations": true,
            "availability_set_id": "",
            "boot_diagnostics": [],
            "computer_name": "ubuntuVM",
            "custom_data": null,
            "dedicated_host_id": "",
            "disable_password_authentication": true,
            "eviction_policy": "",
            "id": "/subscriptions/8daa45fb-249f-4801-b4df-419b890ead67/resourceGroups/web-rg/providers/Microsoft.Compute/virtualMachines/web-02",
            "identity": [],
            "location": "westus2",
            "max_bid_price": -1,
            "name": "web-02",
            "network_interface_ids": [
              "/subscriptions/8daa45fb-249f-4801-b4df-419b890ead67/resourceGroups/web-rg/providers/Microsoft.Network/networkInterfaces/web-server-02-nic"
            ],
            "os_disk": [
              {
                "caching": "ReadWrite",
                "diff_disk_settings": [],
                "disk_encryption_set_id": "",
                "disk_size_gb": 30,
                "name": "web-02_OsDisk_1_3ee6a0c9cca348c5be9a4a55f4f5cecc",
                "storage_account_type": "Standard_LRS",
                "write_accelerator_enabled": false
              }
            ],
            "plan": [],
            "priority": "Regular",
            "private_ip_address": "1.0.1.4",
            "private_ip_addresses": [
              "1.0.1.4"
            ],
            "provision_vm_agent": true,
            "proximity_placement_group_id": "",
            "public_ip_address": "51.143.46.248",
            "public_ip_addresses": [
              "51.143.46.248"
            ],
            "resource_group_name": "web-rg",
            "secret": [],
            "size": "Standard_B1s",
            "source_image_id": "",
            "source_image_reference": [
              {
                "offer": "UbuntuServer",
                "publisher": "Canonical",
                "sku": "18.04-LTS",
                "version": "latest"
              }
            ],
            "tags": null,
            "timeouts": null,
            "virtual_machine_id": "574eeca8-5404-45e3-93d7-5dce477ba620",
            "zone": ""
          },
          "private": "eyJlMmJmYjczMC1lY2FhLTExZTYtOGY4OC0zNDM2M2JjN2M0YzAiOnsiY3JlYXRlIjoyNzAwMDAwMDAwMDAwLCJkZWxldGUiOjI3MDAwMDAwMDAwMDAsInJlYWQiOjMwMDAwMDAwMDAwMCwidXBkYXRlIjoyNzAwMDAwMDAwMDAwfX0=",
          "dependencies": [
            "azurerm_network_interface.web_server_nic",
            "azurerm_public_ip.web_server_public_ip",
            "azurerm_resource_group.web_server_rg",
            "azurerm_subnet.web_server_subnet",
            "azurerm_virtual_network.web_server_vnet"
          ]
        }
      ]
    },
    {
      "mode": "managed",
      "type": "azurerm_network_interface",
      "name": "web_server_nic",
      "each": "list",
      "provider": "provider.azurerm",
      "instances": [
        {
          "index_key": 0,
          "schema_version": 0,
          "attributes": {
            "applied_dns_servers": [],
            "dns_servers": [],
            "enable_accelerated_networking": false,
            "enable_ip_forwarding": false,
            "id": "/subscriptions/8daa45fb-249f-4801-b4df-419b890ead67/resourceGroups/web-rg/providers/Microsoft.Network/networkInterfaces/web-server-00-nic",
            "internal_dns_name_label": "",
            "ip_configuration": [
              {
                "name": "web-ip",
                "primary": true,
                "private_ip_address": "1.0.1.6",
                "private_ip_address_allocation": "Dynamic",
                "private_ip_address_version": "IPv4",
                "public_ip_address_id": "/subscriptions/8daa45fb-249f-4801-b4df-419b890ead67/resourceGroups/web-rg/providers/Microsoft.Network/publicIPAddresses/web-server-00-public-ip",
                "subnet_id": "/subscriptions/8daa45fb-249f-4801-b4df-419b890ead67/resourceGroups/web-rg/providers/Microsoft.Network/virtualNetworks/web-server-vnet/subnets/web-server-subnet"
              }
            ],
            "location": "westus2",
            "mac_address": "",
            "name": "web-server-00-nic",
            "private_ip_address": "1.0.1.6",
            "private_ip_addresses": [
              "1.0.1.6"
            ],
            "resource_group_name": "web-rg",
            "tags": null,
            "timeouts": null,
            "virtual_machine_id": ""
          },
          "private": "eyJlMmJmYjczMC1lY2FhLTExZTYtOGY4OC0zNDM2M2JjN2M0YzAiOnsiY3JlYXRlIjoxODAwMDAwMDAwMDAwLCJkZWxldGUiOjE4MDAwMDAwMDAwMDAsInJlYWQiOjMwMDAwMDAwMDAwMCwidXBkYXRlIjoxODAwMDAwMDAwMDAwfX0=",
          "dependencies": [
            "azurerm_public_ip.web_server_public_ip",
            "azurerm_resource_group.web_server_rg",
            "azurerm_subnet.web_server_subnet",
            "azurerm_virtual_network.web_server_vnet"
          ]
        },
        {
          "index_key": 1,
          "schema_version": 0,
          "attributes": {
            "applied_dns_servers": [],
            "dns_servers": [],
            "enable_accelerated_networking": false,
            "enable_ip_forwarding": false,
            "id": "/subscriptions/8daa45fb-249f-4801-b4df-419b890ead67/resourceGroups/web-rg/providers/Microsoft.Network/networkInterfaces/web-server-01-nic",
            "internal_dns_name_label": "",
            "ip_configuration": [
              {
                "name": "web-ip",
                "primary": true,
                "private_ip_address": "1.0.1.5",
                "private_ip_address_allocation": "Dynamic",
                "private_ip_address_version": "IPv4",
                "public_ip_address_id": "/subscriptions/8daa45fb-249f-4801-b4df-419b890ead67/resourceGroups/web-rg/providers/Microsoft.Network/publicIPAddresses/web-server-01-public-ip",
                "subnet_id": "/subscriptions/8daa45fb-249f-4801-b4df-419b890ead67/resourceGroups/web-rg/providers/Microsoft.Network/virtualNetworks/web-server-vnet/subnets/web-server-subnet"
              }
            ],
            "location": "westus2",
            "mac_address": "",
            "name": "web-server-01-nic",
            "private_ip_address": "1.0.1.5",
            "private_ip_addresses": [
              "1.0.1.5"
            ],
            "resource_group_name": "web-rg",
            "tags": null,
            "timeouts": null,
            "virtual_machine_id": ""
          },
          "private": "eyJlMmJmYjczMC1lY2FhLTExZTYtOGY4OC0zNDM2M2JjN2M0YzAiOnsiY3JlYXRlIjoxODAwMDAwMDAwMDAwLCJkZWxldGUiOjE4MDAwMDAwMDAwMDAsInJlYWQiOjMwMDAwMDAwMDAwMCwidXBkYXRlIjoxODAwMDAwMDAwMDAwfX0=",
          "dependencies": [
            "azurerm_public_ip.web_server_public_ip",
            "azurerm_resource_group.web_server_rg",
            "azurerm_subnet.web_server_subnet",
            "azurerm_virtual_network.web_server_vnet"
          ]
        },
        {
          "index_key": 2,
          "schema_version": 0,
          "attributes": {
            "applied_dns_servers": [],
            "dns_servers": [],
            "enable_accelerated_networking": false,
            "enable_ip_forwarding": false,
            "id": "/subscriptions/8daa45fb-249f-4801-b4df-419b890ead67/resourceGroups/web-rg/providers/Microsoft.Network/networkInterfaces/web-server-02-nic",
            "internal_dns_name_label": "",
            "ip_configuration": [
              {
                "name": "web-ip",
                "primary": true,
                "private_ip_address": "1.0.1.4",
                "private_ip_address_allocation": "Dynamic",
                "private_ip_address_version": "IPv4",
                "public_ip_address_id": "/subscriptions/8daa45fb-249f-4801-b4df-419b890ead67/resourceGroups/web-rg/providers/Microsoft.Network/publicIPAddresses/web-server-02-public-ip",
                "subnet_id": "/subscriptions/8daa45fb-249f-4801-b4df-419b890ead67/resourceGroups/web-rg/providers/Microsoft.Network/virtualNetworks/web-server-vnet/subnets/web-server-subnet"
              }
            ],
            "location": "westus2",
            "mac_address": "",
            "name": "web-server-02-nic",
            "private_ip_address": "1.0.1.4",
            "private_ip_addresses": [
              "1.0.1.4"
            ],
            "resource_group_name": "web-rg",
            "tags": null,
            "timeouts": null,
            "virtual_machine_id": ""
          },
          "private": "eyJlMmJmYjczMC1lY2FhLTExZTYtOGY4OC0zNDM2M2JjN2M0YzAiOnsiY3JlYXRlIjoxODAwMDAwMDAwMDAwLCJkZWxldGUiOjE4MDAwMDAwMDAwMDAsInJlYWQiOjMwMDAwMDAwMDAwMCwidXBkYXRlIjoxODAwMDAwMDAwMDAwfX0=",
          "dependencies": [
            "azurerm_public_ip.web_server_public_ip",
            "azurerm_resource_group.web_server_rg",
            "azurerm_subnet.web_server_subnet",
            "azurerm_virtual_network.web_server_vnet"
          ]
        }
      ]
    },
    {
      "mode": "managed",
      "type": "azurerm_network_security_group",
      "name": "web_server_nsg",
      "provider": "provider.azurerm",
      "instances": [
        {
          "schema_version": 0,
          "attributes": {
            "id": "/subscriptions/8daa45fb-249f-4801-b4df-419b890ead67/resourceGroups/web-rg/providers/Microsoft.Network/networkSecurityGroups/web-server-sg",
            "location": "westus2",
            "name": "web-server-sg",
            "resource_group_name": "web-rg",
            "security_rule": [],
            "tags": null,
            "timeouts": null
          },
          "private": "eyJlMmJmYjczMC1lY2FhLTExZTYtOGY4OC0zNDM2M2JjN2M0YzAiOnsiY3JlYXRlIjoxODAwMDAwMDAwMDAwLCJkZWxldGUiOjE4MDAwMDAwMDAwMDAsInJlYWQiOjMwMDAwMDAwMDAwMCwidXBkYXRlIjoxODAwMDAwMDAwMDAwfX0=",
          "dependencies": [
            "azurerm_resource_group.web_server_rg"
          ]
        }
      ]
    },
    {
      "mode": "managed",
      "type": "azurerm_network_security_rule",
      "name": "web_server_nsg_rule_ssh",
      "provider": "provider.azurerm",
      "instances": [
        {
          "schema_version": 0,
          "attributes": {
            "access": "Allow",
            "description": "",
            "destination_address_prefix": "*",
            "destination_address_prefixes": null,
            "destination_application_security_group_ids": null,
            "destination_port_range": "22",
            "destination_port_ranges": null,
            "direction": "Inbound",
            "id": "/subscriptions/8daa45fb-249f-4801-b4df-419b890ead67/resourceGroups/web-rg/providers/Microsoft.Network/networkSecurityGroups/web-server-sg/securityRules/web-server-ssh",
            "name": "web-server-ssh",
            "network_security_group_name": "web-server-sg",
            "priority": 100,
            "protocol": "tcp",
            "resource_group_name": "web-rg",
            "source_address_prefix": "*",
            "source_address_prefixes": null,
            "source_application_security_group_ids": null,
            "source_port_range": "*",
            "source_port_ranges": null,
            "timeouts": null
          },
          "private": "eyJlMmJmYjczMC1lY2FhLTExZTYtOGY4OC0zNDM2M2JjN2M0YzAiOnsiY3JlYXRlIjoxODAwMDAwMDAwMDAwLCJkZWxldGUiOjE4MDAwMDAwMDAwMDAsInJlYWQiOjMwMDAwMDAwMDAwMCwidXBkYXRlIjoxODAwMDAwMDAwMDAwfX0=",
          "dependencies": [
            "azurerm_network_security_group.web_server_nsg",
            "azurerm_resource_group.web_server_rg"
          ]
        }
      ]
    },
    {
      "mode": "managed",
      "type": "azurerm_public_ip",
      "name": "web_server_public_ip",
      "each": "list",
      "provider": "provider.azurerm",
      "instances": [
        {
          "index_key": 0,
          "schema_version": 0,
          "attributes": {
            "allocation_method": "Dynamic",
            "domain_name_label": null,
            "fqdn": null,
            "id": "/subscriptions/8daa45fb-249f-4801-b4df-419b890ead67/resourceGroups/web-rg/providers/Microsoft.Network/publicIPAddresses/web-server-00-public-ip",
            "idle_timeout_in_minutes": 4,
            "ip_address": "",
            "ip_version": "IPv4",
            "location": "westus2",
            "name": "web-server-00-public-ip",
            "public_ip_prefix_id": null,
            "resource_group_name": "web-rg",
            "reverse_fqdn": null,
            "sku": "Basic",
            "tags": null,
            "timeouts": null,
            "zones": null
          },
          "private": "eyJlMmJmYjczMC1lY2FhLTExZTYtOGY4OC0zNDM2M2JjN2M0YzAiOnsiY3JlYXRlIjoxODAwMDAwMDAwMDAwLCJkZWxldGUiOjE4MDAwMDAwMDAwMDAsInJlYWQiOjMwMDAwMDAwMDAwMCwidXBkYXRlIjoxODAwMDAwMDAwMDAwfX0=",
          "dependencies": [
            "azurerm_resource_group.web_server_rg"
          ]
        },
        {
          "index_key": 1,
          "schema_version": 0,
          "attributes": {
            "allocation_method": "Dynamic",
            "domain_name_label": null,
            "fqdn": null,
            "id": "/subscriptions/8daa45fb-249f-4801-b4df-419b890ead67/resourceGroups/web-rg/providers/Microsoft.Network/publicIPAddresses/web-server-01-public-ip",
            "idle_timeout_in_minutes": 4,
            "ip_address": "",
            "ip_version": "IPv4",
            "location": "westus2",
            "name": "web-server-01-public-ip",
            "public_ip_prefix_id": null,
            "resource_group_name": "web-rg",
            "reverse_fqdn": null,
            "sku": "Basic",
            "tags": null,
            "timeouts": null,
            "zones": null
          },
          "private": "eyJlMmJmYjczMC1lY2FhLTExZTYtOGY4OC0zNDM2M2JjN2M0YzAiOnsiY3JlYXRlIjoxODAwMDAwMDAwMDAwLCJkZWxldGUiOjE4MDAwMDAwMDAwMDAsInJlYWQiOjMwMDAwMDAwMDAwMCwidXBkYXRlIjoxODAwMDAwMDAwMDAwfX0=",
          "dependencies": [
            "azurerm_resource_group.web_server_rg"
          ]
        },
        {
          "index_key": 2,
          "schema_version": 0,
          "attributes": {
            "allocation_method": "Dynamic",
            "domain_name_label": null,
            "fqdn": null,
            "id": "/subscriptions/8daa45fb-249f-4801-b4df-419b890ead67/resourceGroups/web-rg/providers/Microsoft.Network/publicIPAddresses/web-server-02-public-ip",
            "idle_timeout_in_minutes": 4,
            "ip_address": "",
            "ip_version": "IPv4",
            "location": "westus2",
            "name": "web-server-02-public-ip",
            "public_ip_prefix_id": null,
            "resource_group_name": "web-rg",
            "reverse_fqdn": null,
            "sku": "Basic",
            "tags": null,
            "timeouts": null,
            "zones": null
          },
          "private": "eyJlMmJmYjczMC1lY2FhLTExZTYtOGY4OC0zNDM2M2JjN2M0YzAiOnsiY3JlYXRlIjoxODAwMDAwMDAwMDAwLCJkZWxldGUiOjE4MDAwMDAwMDAwMDAsInJlYWQiOjMwMDAwMDAwMDAwMCwidXBkYXRlIjoxODAwMDAwMDAwMDAwfX0=",
          "dependencies": [
            "azurerm_resource_group.web_server_rg"
          ]
        }
      ]
    },
    {
      "mode": "managed",
      "type": "azurerm_resource_group",
      "name": "web_server_rg",
      "provider": "provider.azurerm",
      "instances": [
        {
          "schema_version": 0,
          "attributes": {
            "id": "/subscriptions/8daa45fb-249f-4801-b4df-419b890ead67/resourceGroups/web-rg",
            "location": "westus2",
            "name": "web-rg",
            "tags": null,
            "timeouts": null
          },
          "private": "eyJlMmJmYjczMC1lY2FhLTExZTYtOGY4OC0zNDM2M2JjN2M0YzAiOnsiY3JlYXRlIjo1NDAwMDAwMDAwMDAwLCJkZWxldGUiOjU0MDAwMDAwMDAwMDAsInJlYWQiOjMwMDAwMDAwMDAwMCwidXBkYXRlIjo1NDAwMDAwMDAwMDAwfX0="
        }
      ]
    },
    {
      "mode": "managed",
      "type": "azurerm_subnet",
      "name": "web_server_subnet",
      "provider": "provider.azurerm",
      "instances": [
        {
          "schema_version": 0,
          "attributes": {
            "address_prefix": "1.0.1.0/24",
            "delegation": [],
            "enforce_private_link_endpoint_network_policies": false,
            "enforce_private_link_service_network_policies": false,
            "id": "/subscriptions/8daa45fb-249f-4801-b4df-419b890ead67/resourceGroups/web-rg/providers/Microsoft.Network/virtualNetworks/web-server-vnet/subnets/web-server-subnet",
            "name": "web-server-subnet",
            "resource_group_name": "web-rg",
            "service_endpoints": null,
            "timeouts": null,
            "virtual_network_name": "web-server-vnet"
          },
          "private": "eyJlMmJmYjczMC1lY2FhLTExZTYtOGY4OC0zNDM2M2JjN2M0YzAiOnsiY3JlYXRlIjoxODAwMDAwMDAwMDAwLCJkZWxldGUiOjE4MDAwMDAwMDAwMDAsInJlYWQiOjMwMDAwMDAwMDAwMCwidXBkYXRlIjoxODAwMDAwMDAwMDAwfX0=",
          "dependencies": [
            "azurerm_resource_group.web_server_rg",
            "azurerm_virtual_network.web_server_vnet"
          ]
        }
      ]
    },
    {
      "mode": "managed",
      "type": "azurerm_subnet_network_security_group_association",
      "name": "web_server_subnet_nsg_association",
      "provider": "provider.azurerm",
      "instances": [
        {
          "schema_version": 0,
          "attributes": {
            "id": "/subscriptions/8daa45fb-249f-4801-b4df-419b890ead67/resourceGroups/web-rg/providers/Microsoft.Network/virtualNetworks/web-server-vnet/subnets/web-server-subnet",
            "network_security_group_id": "/subscriptions/8daa45fb-249f-4801-b4df-419b890ead67/resourceGroups/web-rg/providers/Microsoft.Network/networkSecurityGroups/web-server-sg",
            "subnet_id": "/subscriptions/8daa45fb-249f-4801-b4df-419b890ead67/resourceGroups/web-rg/providers/Microsoft.Network/virtualNetworks/web-server-vnet/subnets/web-server-subnet",
            "timeouts": null
          },
          "private": "eyJlMmJmYjczMC1lY2FhLTExZTYtOGY4OC0zNDM2M2JjN2M0YzAiOnsiY3JlYXRlIjoxODAwMDAwMDAwMDAwLCJkZWxldGUiOjE4MDAwMDAwMDAwMDAsInJlYWQiOjMwMDAwMDAwMDAwMCwidXBkYXRlIjoxODAwMDAwMDAwMDAwfX0=",
          "dependencies": [
            "azurerm_network_security_group.web_server_nsg",
            "azurerm_resource_group.web_server_rg",
            "azurerm_subnet.web_server_subnet",
            "azurerm_virtual_network.web_server_vnet"
          ]
        }
      ]
    },
    {
      "mode": "managed",
      "type": "azurerm_virtual_network",
      "name": "web_server_vnet",
      "provider": "provider.azurerm",
      "instances": [
        {
          "schema_version": 0,
          "attributes": {
            "address_space": [
              "1.0.0.0/22"
            ],
            "ddos_protection_plan": [],
            "dns_servers": null,
            "id": "/subscriptions/8daa45fb-249f-4801-b4df-419b890ead67/resourceGroups/web-rg/providers/Microsoft.Network/virtualNetworks/web-server-vnet",
            "location": "westus2",
            "name": "web-server-vnet",
            "resource_group_name": "web-rg",
            "subnet": [],
            "tags": null,
            "timeouts": null
          },
          "private": "eyJlMmJmYjczMC1lY2FhLTExZTYtOGY4OC0zNDM2M2JjN2M0YzAiOnsiY3JlYXRlIjoxODAwMDAwMDAwMDAwLCJkZWxldGUiOjE4MDAwMDAwMDAwMDAsInJlYWQiOjMwMDAwMDAwMDAwMCwidXBkYXRlIjoxODAwMDAwMDAwMDAwfX0=",
          "dependencies": [
            "azurerm_resource_group.web_server_rg"
          ]
        }
      ]
    }
  ]
}
